
Microsoft Visual Studio Solution File, Format Version 12.00
# Visual Studio 15
VisualStudioVersion = 15.0.28307.489
MinimumVisualStudioVersion = 10.0.40219.1
Project("{FAE04EC0-301F-11D3-BF4B-00C04F79EFBC}") = "Bank2", "Bank2\Bank2.csproj", "{A9A591F5-20D6-477F-B3C8-EB6291F4768C}"
EndProject
Global
	GlobalSection(SolutionConfigurationPlatforms) = preSolution
		Debug|Any CPU = Debug|Any CPU
		Release|Any CPU = Release|Any CPU
	EndGlobalSection
	GlobalSection(ProjectConfigurationPlatforms) = postSolution
		{A9A591F5-20D6-477F-B3C8-EB6291F4768C}.Debug|Any CPU.ActiveCfg = Debug|Any CPU
		{A9A591F5-20D6-477F-B3C8-EB6291F4768C}.Debug|Any CPU.Build.0 = Debug|Any CPU
		{A9A591F5-20D6-477F-B3C8-EB6291F4768C}.Release|Any CPU.ActiveCfg = Release|Any CPU
		{A9A591F5-20D6-477F-B3C8-EB6291F4768C}.Release|Any CPU.Build.0 = Release|Any CPU
	EndGlobalSection
	GlobalSection(SolutionProperties) = preSolution
		HideSolutionNode = FALSE
	EndGlobalSection
	GlobalSection(ExtensibilityGlobals) = postSolution
		SolutionGuid = {CCB7707C-AE34-46B4-986B-16467E32C523}
	EndGlobalSection
EndGlobal
